// !$*UTF8*$!
{
	archiveVersion = 1;
	classes = {
	};
	objectVersion = 46;
	objects = {

/* Begin PBXBuildFile section */
		297F18D41CFC807D0080BDDD /* AppDelegate.swift in Sources */ = {isa = PBXBuildFile; fileRef = 297F18D31CFC807D0080BDDD /* AppDelegate.swift */; };
		297F18D61CFC807D0080BDDD /* ViewController.swift in Sources */ = {isa = PBXBuildFile; fileRef = 297F18D51CFC807D0080BDDD /* ViewController.swift */; };
		297F18D91CFC807D0080BDDD /* Main.storyboard in Resources */ = {isa = PBXBuildFile; fileRef = 297F18D71CFC807D0080BDDD /* Main.storyboard */; };
		297F18DB1CFC807D0080BDDD /* Assets.xcassets in Resources */ = {isa = PBXBuildFile; fileRef = 297F18DA1CFC807D0080BDDD /* Assets.xcassets */; };
		297F18DE1CFC807D0080BDDD /* LaunchScreen.storyboard in Resources */ = {isa = PBXBuildFile; fileRef = 297F18DC1CFC807D0080BDDD /* LaunchScreen.storyboard */; };
/* End PBXBuildFile section */

/* Begin PBXFileReference section */
		297F18D01CFC807D0080BDDD /* Chapter8.app */ = {isa = PBXFileReference; explicitFileType = wrapper.application; includeInIndex = 0; path = Chapter8.app; sourceTree = BUILT_PRODUCTS_DIR; };
		297F18D31CFC807D0080BDDD /* AppDelegate.swift */ = {isa = PBXFileReference; lastKnownFileType = sourcecode.swift; path = AppDelegate.swift; sourceTree = "<group>"; };
		297F18D51CFC807D0080BDDD /* ViewController.swift */ = {isa = PBXFileReference; lastKnownFileType = sourcecode.swift; path = ViewController.swift; sourceTree = "<group>"; };
		297F18D81CFC807D0080BDDD /* Base */ = {isa = PBXFileReference; lastKnownFileType = file.storyboard; name = Base; path = Base.lproj/Main.storyboard; sourceTree = "<group>"; };
		297F18DA1CFC807D0080BDDD /* Assets.xcassets */ = {isa = PBXFileReference; lastKnownFileType = folder.assetcatalog; path = Assets.xcassets; sourceTree = "<group>"; };
		297F18DD1CFC807D0080BDDD /* Base */ = {isa = PBXFileReference; lastKnownFileType = file.storyboard; name = Base; path = Base.lproj/LaunchScreen.storyboard; sourceTree = "<group>"; };
		297F18DF1CFC807D0080BDDD /* Info.plist */ = {isa = PBXFileReference; lastKnownFileType = text.plist.xml; path = Info.plist; sourceTree = "<group>"; };
/* End PBXFileReference section */

/* Begin PBXFrameworksBuildPhase section */
		297F18CD1CFC807D0080BDDD /* Frameworks */ = {
			isa = PBXFrameworksBuildPhase;
			buildActionMask = 2147483647;
			files = (
			);
			runOnlyForDeploymentPostprocessing = 0;
		};
/* End PBXFrameworksBuildPhase section */

/* Begin PBXGroup section */
		297F18C71CFC807D0080BDDD = {
			isa = PBXGroup;
			children = (
				297F18D21CFC807D0080BDDD /* Chapter8 */,
				297F18D11CFC807D0080BDDD /* Products */,
			);
			sourceTree = "<group>";
		};
		297F18D11CFC807D0080BDDD /* Products */ = {
			isa = PBXGroup;
			children = (
				297F18D01CFC807D0080BDDD /* Chapter8.app */,
			);
			name = Products;
			sourceTree = "<group>";
		};
		297F18D21CFC807D0080BDDD /* Chapter8 */ = {
			isa = PBXGroup;
			children = (
				297F18D31CFC807D0080BDDD /* AppDelegate.swift */,
				297F18D51CFC807D0080BDDD /* ViewController.swift */,
				297F18D71CFC807D0080BDDD /* Main.storyboard */,
				297F18DA1CFC807D0080BDDD /* Assets.xcassets */,
				297F18DC1CFC807D0080BDDD /* LaunchScreen.storyboard */,
				297F18DF1CFC807D0080BDDD /* Info.plist */,
			);
			path = Chapter8;
			sourceTree = "<group>";
		};
/* End PBXGroup section */

/* Begin PBXNativeTarget section */
		297F18CF1CFC807D0080BDDD /* Chapter8 */ = {
			isa = PBXNativeTarget;
			buildConfigurationList = 297F18E21CFC807D0080BDDD /* Build configuration list for PBXNativeTarget "Chapter8" */;
			buildPhases = (
				297F18CC1CFC807D0080BDDD /* Sources */,
				297F18CD1CFC807D0080BDDD /* Frameworks */,
				297F18CE1CFC807D0080BDDD /* Resources */,
			);
			buildRules = (
			);
			dependencies = (
			);
			name = Chapter8;
			productName = Chapter8;
			productReference = 297F18D01CFC807D0080BDDD /* Chapter8.app */;
			productType = "com.apple.product-type.application";
		};
/* End PBXNativeTarget section */

/* Begin PBXProject section */
		297F18C81CFC807D0080BDDD /* Project object */ = {
			isa = PBXProject;
			attributes = {
				LastSwiftUpdateCheck = 0730;
				LastUpgradeCheck = 0730;
				ORGANIZATIONNAME = Kurt;
				TargetAttributes = {
					297F18CF1CFC807D0080BDDD = {
						CreatedOnToolsVersion = 7.3.1;
					};
				};
			};
			buildConfigurationList = 297F18CB1CFC807D0080BDDD /* Build configuration list for PBXProject "Chapter8" */;
			compatibilityVersion = "Xcode 3.2";
			developmentRegion = English;
			hasScannedForEncodings = 0;
			knownRegions = (
				en,
				Base,
			);
			mainGroup = 297F18C71CFC807D0080BDDD;
			productRefGroup = 297F18D11CFC807D0080BDDD /* Products */;
			projectDirPath = "";
			projectRoot = "";
			targets = (
				297F18CF1CFC807D0080BDDD /* Chapter8 */,
			);
		};
/* End PBXProject section */

/* Begin PBXResourcesBuildPhase section */
		297F18CE1CFC807D0080BDDD /* Resources */ = {
			isa = PBXResourcesBuildPhase;
			buildActionMask = 2147483647;
			files = (
				297F18DE1CFC807D0080BDDD /* LaunchScreen.storyboard in Resources */,
				297F18DB1CFC807D0080BDDD /* Assets.xcassets in Resources */,
				297F18D91CFC807D0080BDDD /* Main.storyboard in Resources */,
			);
			runOnlyForDeploymentPostprocessing = 0;
		};
/* End PBXResourcesBuildPhase section */

/* Begin PBXSourcesBuildPhase section */
		297F18CC1CFC807D0080BDDD /* Sources */ = {
			isa = PBXSourcesBuildPhase;
			buildActionMask = 2147483647;
			files = (
				297F18D61CFC807D0080BDDD /* ViewController.swift in Sources */,
				297F18D41CFC807D0080BDDD /* AppDelegate.swift in Sources */,
			);
			runOnlyForDeploymentPostprocessing = 0;
		};
/* End PBXSourcesBuildPhase section */

/* Begin PBXVariantGroup section */
		297F18D71CFC807D0080BDDD /* Main.storyboard */ = {
			isa = PBXVariantGroup;
			children = (
				297F18D81CFC807D0080BDDD /* Base */,
			);
			name = Main.storyboard;
			sourceTree = "<group>";
		};
		297F18DC1CFC807D0080BDDD /* LaunchScreen.storyboard */ = {
			isa = PBXVariantGroup;
			children = (
				297F18DD1CFC807D0080BDDD /* Base */,
			);
			name = LaunchScreen.storyboard;
			sourceTree = "<group>";
		};
/* End PBXVariantGroup section */

/* Begin XCBuildConfiguration section */
		297F18E01CFC807D0080BDDD /* Debug */ = {
			isa = XCBuildConfiguration;
			buildSettings = {
				ALWAYS_SEARCH_USER_PATHS = NO;
				CLANG_ANALYZER_NONNULL = YES;
				CLANG_CXX_LANGUAGE_STANDARD = "gnu++0x";
				CLANG_CXX_LIBRARY = "libc++";
				CLANG_ENABLE_MODULES = YES;
				CLANG_ENABLE_OBJC_ARC = YES;
				CLANG_WARN_BOOL_CONVERSION = YES;
				CLANG_WARN_CONSTANT_CONVERSION = YES;
				CLANG_WARN_DIRECT_OBJC_ISA_USAGE = YES_ERROR;
				CLANG_WARN_EMPTY_BODY = YES;
				CLANG_WARN_ENUM_CONVERSION = YES;
				CLANG_WARN_INT_CONVERSION = YES;
				CLANG_WARN_OBJC_ROOT_CLASS = YES_ERROR;
				CLANG_WARN_UNREACHABLE_CODE = YES;
				CLANG_WARN__DUPLICATE_METHOD_MATCH = YES;
				"CODE_SIGN_IDENTITY[sdk=iphoneos*]" = "iPhone Developer";
				COPY_PHASE_STRIP = NO;
				DEBUG_INFORMATION_FORMAT = dwarf;
				ENABLE_STRICT_OBJC_MSGSEND = YES;
				ENABLE_TESTABILITY = YES;
				GCC_C_LANGUAGE_STANDARD = gnu99;
				GCC_DYNAMIC_NO_PIC = NO;
				GCC_NO_COMMON_BLOCKS = YES;
				GCC_OPTIMIZATION_LEVEL = 0;
				GCC_PREPROCESSOR_DEFINITIONS = (
					"DEBUG=1",
					"$(inherited)",
				);
				GCC_WARN_64_TO_32_BIT_CONVERSION = YES;
				GCC_WARN_ABOUT_RETURN_TYPE = YES_ERROR;
				GCC_WARN_UNDECLARED_SELECTOR = YES;
				GCC_WARN_UNINITIALIZED_AUTOS = YES_AGGRESSIVE;
				GCC_WARN_UNUSED_FUNCTION = YES;
				GCC_WARN_UNUSED_VARIABLE = YES;
				IPHONEOS_DEPLOYMENT_TARGET = 9.3;
				MTL_ENABLE_DEBUG_INFO = YES;
				ONLY_ACTIVE_ARCH = YES;
				SDKROOT = iphoneos;
				SWIFT_OPTIMIZATION_LEVEL = "-Onone";
				TARGETED_DEVICE_FAMILY = "1,2";
			};
			name = Debug;
		};
		297F18E11CFC807D0080BDDD /* Release */ = {
			isa = XCBuildConfiguration;
			buildSettings = {
				ALWAYS_SEARCH_USER_PATHS = NO;
				CLANG_ANALYZER_NONNULL = YES;
				CLANG_CXX_LANGUAGE_STANDARD = "gnu++0x";
				CLANG_CXX_LIBRARY = "libc++";
				CLANG_ENABLE_MODULES = YES;
				CLANG_ENABLE_OBJC_ARC = YES;
				CLANG_WARN_BOOL_CONVERSION = YES;
				CLANG_WARN_CONSTANT_CONVERSION = YES;
				CLANG_WARN_DIRECT_OBJC_ISA_USAGE = YES_ERROR;
				CLANG_WARN_EMPTY_BODY = YES;
				CLANG_WARN_ENUM_CONVERSION = YES;
				CLANG_WARN_INT_CONVERSION = YES;
				CLANG_WARN_OBJC_ROOT_CLASS = YES_ERROR;
				CLANG_WARN_UNREACHABLE_CODE = YES;
				CLANG_WARN__DUPLICATE_METHOD_MATCH = YES;
				"CODE_SIGN_IDENTITY[sdk=iphoneos*]" = "iPhone Developer";
				COPY_PHASE_STRIP = NO;
				DEBUG_INFORMATION_FORMAT = "dwarf-with-dsym";
				ENABLE_NS_ASSERTIONS = NO;
				ENABLE_STRICT_OBJC_MSGSEND = YES;
				GCC_C_LANGUAGE_STANDARD = gnu99;
				GCC_NO_COMMON_BLOCKS = YES;
				GCC_WARN_64_TO_32_BIT_CONVERSION = YES;
				GCC_WARN_ABOUT_RETURN_TYPE = YES_ERROR;
				GCC_WARN_UNDECLARED_SELECTOR = YES;
				GCC_WARN_UNINITIALIZED_AUTOS = YES_AGGRESSIVE;
				GCC_WARN_UNUSED_FUNCTION = YES;
				GCC_WARN_UNUSED_VARIABLE = YES;
				IPHONEOS_DEPLOYMENT_TARGET = 9.3;
				MTL_ENABLE_DEBUG_INFO = NO;
				SDKROOT = iphoneos;
				TARGETED_DEVICE_FAMILY = "1,2";
				VALIDATE_PRODUCT = YES;
			};
			name = Release;
		};
		297F18E31CFC807D0080BDDD /* Debug */ = {
			isa = XCBuildConfiguration;
			buildSettings = {
				ASSETCATALOG_COMPILER_APPICON_NAME = AppIcon;
				INFOPLIST_FILE = Chapter8/Info.plist;
				LD_RUNPATH_SEARCH_PATHS = "$(inherited) @executable_path/Frameworks";
				PRODUCT_BUNDLE_IDENTIFIER = edu.self.Chapter8;
				PRODUCT_NAME = "$(TARGET_NAME)";
			};
			name = Debug;
		};
		297F18E41CFC807D0080BDDD /* Release */ = {
			isa = XCBuildConfiguration;
			buildSettings = {
				ASSETCATALOG_COMPILER_APPICON_NAME = AppIcon;
				INFOPLIST_FILE = Chapter8/Info.plist;
				LD_RUNPATH_SEARCH_PATHS = "$(inherited) @executable_path/Frameworks";
				PRODUCT_BUNDLE_IDENTIFIER = edu.self.Chapter8;
				PRODUCT_NAME = "$(TARGET_NAME)";
			};
			name = Release;
		};
/* End XCBuildConfiguration section */

/* Begin XCConfigurationList section */
		297F18CB1CFC807D0080BDDD /* Build configuration list for PBXProject "Chapter8" */ = {
			isa = XCConfigurationList;
			buildConfigurations = (
				297F18E01CFC807D0080BDDD /* Debug */,
				297F18E11CFC807D0080BDDD /* Release */,
			);
			defaultConfigurationIsVisible = 0;
			defaultConfigurationName = Release;
		};
		297F18E21CFC807D0080BDDD /* Build configuration list for PBXNativeTarget "Chapter8" */ = {
			isa = XCConfigurationList;
			buildConfigurations = (
				297F18E31CFC807D0080BDDD /* Debug */,
				297F18E41CFC807D0080BDDD /* Release */,
			);
			defaultConfigurationIsVisible = 0;
		};
/* End XCConfigurationList section */
	};
	rootObject = 297F18C81CFC807D0080BDDD /* Project object */;
}
