// !$*UTF8*$!
{
	archiveVersion = 1;
	classes = {
	};
	objectVersion = 46;
	objects = {

/* Begin PBXBuildFile section */
		29448AB81D07BEA60092D51C /* AppDelegate.swift in Sources */ = {isa = PBXBuildFile; fileRef = 29448AB71D07BEA60092D51C /* AppDelegate.swift */; };
		29448ABA1D07BEA60092D51C /* ViewController.swift in Sources */ = {isa = PBXBuildFile; fileRef = 29448AB91D07BEA60092D51C /* ViewController.swift */; };
		29448ABD1D07BEA60092D51C /* Main.storyboard in Resources */ = {isa = PBXBuildFile; fileRef = 29448ABB1D07BEA60092D51C /* Main.storyboard */; };
		29448ABF1D07BEA60092D51C /* Assets.xcassets in Resources */ = {isa = PBXBuildFile; fileRef = 29448ABE1D07BEA60092D51C /* Assets.xcassets */; };
		29448AC21D07BEA60092D51C /* LaunchScreen.storyboard in Resources */ = {isa = PBXBuildFile; fileRef = 29448AC01D07BEA60092D51C /* LaunchScreen.storyboard */; };
		29448ACA1D07E5E10092D51C /* DiaryCata.swift in Sources */ = {isa = PBXBuildFile; fileRef = 29448AC91D07E5E10092D51C /* DiaryCata.swift */; };
		29448ACE1D07E89E0092D51C /* DiariesTableViewController.swift in Sources */ = {isa = PBXBuildFile; fileRef = 29448ACD1D07E89E0092D51C /* DiariesTableViewController.swift */; };
		29448AD01D07E9B40092D51C /* DiariesTableViewCell.swift in Sources */ = {isa = PBXBuildFile; fileRef = 29448ACF1D07E9B40092D51C /* DiariesTableViewCell.swift */; };
		29448AD81D0BF7090092D51C /* BlurViewController.swift in Sources */ = {isa = PBXBuildFile; fileRef = 29448AD71D0BF7090092D51C /* BlurViewController.swift */; };
/* End PBXBuildFile section */

/* Begin PBXFileReference section */
		29448AB41D07BEA60092D51C /* Touch.app */ = {isa = PBXFileReference; explicitFileType = wrapper.application; includeInIndex = 0; path = Touch.app; sourceTree = BUILT_PRODUCTS_DIR; };
		29448AB71D07BEA60092D51C /* AppDelegate.swift */ = {isa = PBXFileReference; lastKnownFileType = sourcecode.swift; path = AppDelegate.swift; sourceTree = "<group>"; };
		29448AB91D07BEA60092D51C /* ViewController.swift */ = {isa = PBXFileReference; lastKnownFileType = sourcecode.swift; path = ViewController.swift; sourceTree = "<group>"; };
		29448ABC1D07BEA60092D51C /* Base */ = {isa = PBXFileReference; lastKnownFileType = file.storyboard; name = Base; path = Base.lproj/Main.storyboard; sourceTree = "<group>"; };
		29448ABE1D07BEA60092D51C /* Assets.xcassets */ = {isa = PBXFileReference; lastKnownFileType = folder.assetcatalog; path = Assets.xcassets; sourceTree = "<group>"; };
		29448AC11D07BEA60092D51C /* Base */ = {isa = PBXFileReference; lastKnownFileType = file.storyboard; name = Base; path = Base.lproj/LaunchScreen.storyboard; sourceTree = "<group>"; };
		29448AC31D07BEA60092D51C /* Info.plist */ = {isa = PBXFileReference; lastKnownFileType = text.plist.xml; path = Info.plist; sourceTree = "<group>"; };
		29448AC91D07E5E10092D51C /* DiaryCata.swift */ = {isa = PBXFileReference; fileEncoding = 4; lastKnownFileType = sourcecode.swift; path = DiaryCata.swift; sourceTree = "<group>"; };
		29448ACD1D07E89E0092D51C /* DiariesTableViewController.swift */ = {isa = PBXFileReference; fileEncoding = 4; lastKnownFileType = sourcecode.swift; path = DiariesTableViewController.swift; sourceTree = "<group>"; };
		29448ACF1D07E9B40092D51C /* DiariesTableViewCell.swift */ = {isa = PBXFileReference; fileEncoding = 4; lastKnownFileType = sourcecode.swift; path = DiariesTableViewCell.swift; sourceTree = "<group>"; };
		29448AD71D0BF7090092D51C /* BlurViewController.swift */ = {isa = PBXFileReference; fileEncoding = 4; lastKnownFileType = sourcecode.swift; path = BlurViewController.swift; sourceTree = "<group>"; };
/* End PBXFileReference section */

/* Begin PBXFrameworksBuildPhase section */
		29448AB11D07BEA60092D51C /* Frameworks */ = {
			isa = PBXFrameworksBuildPhase;
			buildActionMask = 2147483647;
			files = (
			);
			runOnlyForDeploymentPostprocessing = 0;
		};
/* End PBXFrameworksBuildPhase section */

/* Begin PBXGroup section */
		29448AAB1D07BEA60092D51C = {
			isa = PBXGroup;
			children = (
				29448AB61D07BEA60092D51C /* Touch */,
				29448AB51D07BEA60092D51C /* Products */,
			);
			sourceTree = "<group>";
		};
		29448AB51D07BEA60092D51C /* Products */ = {
			isa = PBXGroup;
			children = (
				29448AB41D07BEA60092D51C /* Touch.app */,
			);
			name = Products;
			sourceTree = "<group>";
		};
		29448AB61D07BEA60092D51C /* Touch */ = {
			isa = PBXGroup;
			children = (
				29448AB71D07BEA60092D51C /* AppDelegate.swift */,
				29448AB91D07BEA60092D51C /* ViewController.swift */,
				29448ACD1D07E89E0092D51C /* DiariesTableViewController.swift */,
				29448ACF1D07E9B40092D51C /* DiariesTableViewCell.swift */,
				29448ABB1D07BEA60092D51C /* Main.storyboard */,
				29448ABE1D07BEA60092D51C /* Assets.xcassets */,
				29448AC91D07E5E10092D51C /* DiaryCata.swift */,
				29448AC01D07BEA60092D51C /* LaunchScreen.storyboard */,
				29448AC31D07BEA60092D51C /* Info.plist */,
				29448AD71D0BF7090092D51C /* BlurViewController.swift */,
			);
			path = Touch;
			sourceTree = "<group>";
		};
/* End PBXGroup section */

/* Begin PBXNativeTarget section */
		29448AB31D07BEA60092D51C /* Touch */ = {
			isa = PBXNativeTarget;
			buildConfigurationList = 29448AC61D07BEA60092D51C /* Build configuration list for PBXNativeTarget "Touch" */;
			buildPhases = (
				29448AB01D07BEA60092D51C /* Sources */,
				29448AB11D07BEA60092D51C /* Frameworks */,
				29448AB21D07BEA60092D51C /* Resources */,
			);
			buildRules = (
			);
			dependencies = (
			);
			name = Touch;
			productName = Touch;
			productReference = 29448AB41D07BEA60092D51C /* Touch.app */;
			productType = "com.apple.product-type.application";
		};
/* End PBXNativeTarget section */

/* Begin PBXProject section */
		29448AAC1D07BEA60092D51C /* Project object */ = {
			isa = PBXProject;
			attributes = {
				LastSwiftUpdateCheck = 0730;
				LastUpgradeCheck = 0730;
				ORGANIZATIONNAME = Kurt;
				TargetAttributes = {
					29448AB31D07BEA60092D51C = {
						CreatedOnToolsVersion = 7.3.1;
					};
				};
			};
			buildConfigurationList = 29448AAF1D07BEA60092D51C /* Build configuration list for PBXProject "Touch" */;
			compatibilityVersion = "Xcode 3.2";
			developmentRegion = English;
			hasScannedForEncodings = 0;
			knownRegions = (
				en,
				Base,
			);
			mainGroup = 29448AAB1D07BEA60092D51C;
			productRefGroup = 29448AB51D07BEA60092D51C /* Products */;
			projectDirPath = "";
			projectRoot = "";
			targets = (
				29448AB31D07BEA60092D51C /* Touch */,
			);
		};
/* End PBXProject section */

/* Begin PBXResourcesBuildPhase section */
		29448AB21D07BEA60092D51C /* Resources */ = {
			isa = PBXResourcesBuildPhase;
			buildActionMask = 2147483647;
			files = (
				29448AC21D07BEA60092D51C /* LaunchScreen.storyboard in Resources */,
				29448ABF1D07BEA60092D51C /* Assets.xcassets in Resources */,
				29448ABD1D07BEA60092D51C /* Main.storyboard in Resources */,
			);
			runOnlyForDeploymentPostprocessing = 0;
		};
/* End PBXResourcesBuildPhase section */

/* Begin PBXSourcesBuildPhase section */
		29448AB01D07BEA60092D51C /* Sources */ = {
			isa = PBXSourcesBuildPhase;
			buildActionMask = 2147483647;
			files = (
				29448ACA1D07E5E10092D51C /* DiaryCata.swift in Sources */,
				29448AD81D0BF7090092D51C /* BlurViewController.swift in Sources */,
				29448AD01D07E9B40092D51C /* DiariesTableViewCell.swift in Sources */,
				29448ABA1D07BEA60092D51C /* ViewController.swift in Sources */,
				29448ACE1D07E89E0092D51C /* DiariesTableViewController.swift in Sources */,
				29448AB81D07BEA60092D51C /* AppDelegate.swift in Sources */,
			);
			runOnlyForDeploymentPostprocessing = 0;
		};
/* End PBXSourcesBuildPhase section */

/* Begin PBXVariantGroup section */
		29448ABB1D07BEA60092D51C /* Main.storyboard */ = {
			isa = PBXVariantGroup;
			children = (
				29448ABC1D07BEA60092D51C /* Base */,
			);
			name = Main.storyboard;
			sourceTree = "<group>";
		};
		29448AC01D07BEA60092D51C /* LaunchScreen.storyboard */ = {
			isa = PBXVariantGroup;
			children = (
				29448AC11D07BEA60092D51C /* Base */,
			);
			name = LaunchScreen.storyboard;
			sourceTree = "<group>";
		};
/* End PBXVariantGroup section */

/* Begin XCBuildConfiguration section */
		29448AC41D07BEA60092D51C /* Debug */ = {
			isa = XCBuildConfiguration;
			buildSettings = {
				ALWAYS_SEARCH_USER_PATHS = NO;
				CLANG_ANALYZER_NONNULL = YES;
				CLANG_CXX_LANGUAGE_STANDARD = "gnu++0x";
				CLANG_CXX_LIBRARY = "libc++";
				CLANG_ENABLE_MODULES = YES;
				CLANG_ENABLE_OBJC_ARC = YES;
				CLANG_WARN_BOOL_CONVERSION = YES;
				CLANG_WARN_CONSTANT_CONVERSION = YES;
				CLANG_WARN_DIRECT_OBJC_ISA_USAGE = YES_ERROR;
				CLANG_WARN_EMPTY_BODY = YES;
				CLANG_WARN_ENUM_CONVERSION = YES;
				CLANG_WARN_INT_CONVERSION = YES;
				CLANG_WARN_OBJC_ROOT_CLASS = YES_ERROR;
				CLANG_WARN_UNREACHABLE_CODE = YES;
				CLANG_WARN__DUPLICATE_METHOD_MATCH = YES;
				"CODE_SIGN_IDENTITY[sdk=iphoneos*]" = "iPhone Developer";
				COPY_PHASE_STRIP = NO;
				DEBUG_INFORMATION_FORMAT = dwarf;
				ENABLE_STRICT_OBJC_MSGSEND = YES;
				ENABLE_TESTABILITY = YES;
				GCC_C_LANGUAGE_STANDARD = gnu99;
				GCC_DYNAMIC_NO_PIC = NO;
				GCC_NO_COMMON_BLOCKS = YES;
				GCC_OPTIMIZATION_LEVEL = 0;
				GCC_PREPROCESSOR_DEFINITIONS = (
					"DEBUG=1",
					"$(inherited)",
				);
				GCC_WARN_64_TO_32_BIT_CONVERSION = YES;
				GCC_WARN_ABOUT_RETURN_TYPE = YES_ERROR;
				GCC_WARN_UNDECLARED_SELECTOR = YES;
				GCC_WARN_UNINITIALIZED_AUTOS = YES_AGGRESSIVE;
				GCC_WARN_UNUSED_FUNCTION = YES;
				GCC_WARN_UNUSED_VARIABLE = YES;
				IPHONEOS_DEPLOYMENT_TARGET = 9.3;
				MTL_ENABLE_DEBUG_INFO = YES;
				ONLY_ACTIVE_ARCH = YES;
				SDKROOT = iphoneos;
				SWIFT_OPTIMIZATION_LEVEL = "-Onone";
			};
			name = Debug;
		};
		29448AC51D07BEA60092D51C /* Release */ = {
			isa = XCBuildConfiguration;
			buildSettings = {
				ALWAYS_SEARCH_USER_PATHS = NO;
				CLANG_ANALYZER_NONNULL = YES;
				CLANG_CXX_LANGUAGE_STANDARD = "gnu++0x";
				CLANG_CXX_LIBRARY = "libc++";
				CLANG_ENABLE_MODULES = YES;
				CLANG_ENABLE_OBJC_ARC = YES;
				CLANG_WARN_BOOL_CONVERSION = YES;
				CLANG_WARN_CONSTANT_CONVERSION = YES;
				CLANG_WARN_DIRECT_OBJC_ISA_USAGE = YES_ERROR;
				CLANG_WARN_EMPTY_BODY = YES;
				CLANG_WARN_ENUM_CONVERSION = YES;
				CLANG_WARN_INT_CONVERSION = YES;
				CLANG_WARN_OBJC_ROOT_CLASS = YES_ERROR;
				CLANG_WARN_UNREACHABLE_CODE = YES;
				CLANG_WARN__DUPLICATE_METHOD_MATCH = YES;
				"CODE_SIGN_IDENTITY[sdk=iphoneos*]" = "iPhone Developer";
				COPY_PHASE_STRIP = NO;
				DEBUG_INFORMATION_FORMAT = "dwarf-with-dsym";
				ENABLE_NS_ASSERTIONS = NO;
				ENABLE_STRICT_OBJC_MSGSEND = YES;
				GCC_C_LANGUAGE_STANDARD = gnu99;
				GCC_NO_COMMON_BLOCKS = YES;
				GCC_WARN_64_TO_32_BIT_CONVERSION = YES;
				GCC_WARN_ABOUT_RETURN_TYPE = YES_ERROR;
				GCC_WARN_UNDECLARED_SELECTOR = YES;
				GCC_WARN_UNINITIALIZED_AUTOS = YES_AGGRESSIVE;
				GCC_WARN_UNUSED_FUNCTION = YES;
				GCC_WARN_UNUSED_VARIABLE = YES;
				IPHONEOS_DEPLOYMENT_TARGET = 9.3;
				MTL_ENABLE_DEBUG_INFO = NO;
				SDKROOT = iphoneos;
				VALIDATE_PRODUCT = YES;
			};
			name = Release;
		};
		29448AC71D07BEA60092D51C /* Debug */ = {
			isa = XCBuildConfiguration;
			buildSettings = {
				ASSETCATALOG_COMPILER_APPICON_NAME = AppIcon;
				INFOPLIST_FILE = Touch/Info.plist;
				LD_RUNPATH_SEARCH_PATHS = "$(inherited) @executable_path/Frameworks";
				PRODUCT_BUNDLE_IDENTIFIER = edu.self.Touch;
				PRODUCT_NAME = "$(TARGET_NAME)";
			};
			name = Debug;
		};
		29448AC81D07BEA60092D51C /* Release */ = {
			isa = XCBuildConfiguration;
			buildSettings = {
				ASSETCATALOG_COMPILER_APPICON_NAME = AppIcon;
				INFOPLIST_FILE = Touch/Info.plist;
				LD_RUNPATH_SEARCH_PATHS = "$(inherited) @executable_path/Frameworks";
				PRODUCT_BUNDLE_IDENTIFIER = edu.self.Touch;
				PRODUCT_NAME = "$(TARGET_NAME)";
			};
			name = Release;
		};
/* End XCBuildConfiguration section */

/* Begin XCConfigurationList section */
		29448AAF1D07BEA60092D51C /* Build configuration list for PBXProject "Touch" */ = {
			isa = XCConfigurationList;
			buildConfigurations = (
				29448AC41D07BEA60092D51C /* Debug */,
				29448AC51D07BEA60092D51C /* Release */,
			);
			defaultConfigurationIsVisible = 0;
			defaultConfigurationName = Release;
		};
		29448AC61D07BEA60092D51C /* Build configuration list for PBXNativeTarget "Touch" */ = {
			isa = XCConfigurationList;
			buildConfigurations = (
				29448AC71D07BEA60092D51C /* Debug */,
				29448AC81D07BEA60092D51C /* Release */,
			);
			defaultConfigurationIsVisible = 0;
			defaultConfigurationName = Release;
		};
/* End XCConfigurationList section */
	};
	rootObject = 29448AAC1D07BEA60092D51C /* Project object */;
}
