// !$*UTF8*$!
{
	archiveVersion = 1;
	classes = {
	};
	objectVersion = 46;
	objects = {

/* Begin PBXBuildFile section */
		29A41A2D1D05C0A000BAC49C /* AppDelegate.swift in Sources */ = {isa = PBXBuildFile; fileRef = 29A41A2C1D05C0A000BAC49C /* AppDelegate.swift */; };
		29A41A2F1D05C0A000BAC49C /* ViewController.swift in Sources */ = {isa = PBXBuildFile; fileRef = 29A41A2E1D05C0A000BAC49C /* ViewController.swift */; };
		29A41A321D05C0A000BAC49C /* Main.storyboard in Resources */ = {isa = PBXBuildFile; fileRef = 29A41A301D05C0A000BAC49C /* Main.storyboard */; };
		29A41A341D05C0A000BAC49C /* Assets.xcassets in Resources */ = {isa = PBXBuildFile; fileRef = 29A41A331D05C0A000BAC49C /* Assets.xcassets */; };
		29A41A371D05C0A000BAC49C /* LaunchScreen.storyboard in Resources */ = {isa = PBXBuildFile; fileRef = 29A41A351D05C0A000BAC49C /* LaunchScreen.storyboard */; };
		29A41A401D05C10500BAC49C /* MyTableViewCell.swift in Sources */ = {isa = PBXBuildFile; fileRef = 29A41A3E1D05C10500BAC49C /* MyTableViewCell.swift */; };
		29A41A411D05C10500BAC49C /* MyTableViewCell.xib in Resources */ = {isa = PBXBuildFile; fileRef = 29A41A3F1D05C10500BAC49C /* MyTableViewCell.xib */; };
		29A41A431D068BDD00BAC49C /* IMG.swift in Sources */ = {isa = PBXBuildFile; fileRef = 29A41A421D068BDD00BAC49C /* IMG.swift */; };
		29A41A451D06C63800BAC49C /* MyTableViewController.swift in Sources */ = {isa = PBXBuildFile; fileRef = 29A41A441D06C63800BAC49C /* MyTableViewController.swift */; };
/* End PBXBuildFile section */

/* Begin PBXFileReference section */
		29A41A291D05C0A000BAC49C /* PracticeCell.app */ = {isa = PBXFileReference; explicitFileType = wrapper.application; includeInIndex = 0; path = PracticeCell.app; sourceTree = BUILT_PRODUCTS_DIR; };
		29A41A2C1D05C0A000BAC49C /* AppDelegate.swift */ = {isa = PBXFileReference; lastKnownFileType = sourcecode.swift; path = AppDelegate.swift; sourceTree = "<group>"; };
		29A41A2E1D05C0A000BAC49C /* ViewController.swift */ = {isa = PBXFileReference; lastKnownFileType = sourcecode.swift; path = ViewController.swift; sourceTree = "<group>"; };
		29A41A311D05C0A000BAC49C /* Base */ = {isa = PBXFileReference; lastKnownFileType = file.storyboard; name = Base; path = Base.lproj/Main.storyboard; sourceTree = "<group>"; };
		29A41A331D05C0A000BAC49C /* Assets.xcassets */ = {isa = PBXFileReference; lastKnownFileType = folder.assetcatalog; path = Assets.xcassets; sourceTree = "<group>"; };
		29A41A361D05C0A000BAC49C /* Base */ = {isa = PBXFileReference; lastKnownFileType = file.storyboard; name = Base; path = Base.lproj/LaunchScreen.storyboard; sourceTree = "<group>"; };
		29A41A381D05C0A000BAC49C /* Info.plist */ = {isa = PBXFileReference; lastKnownFileType = text.plist.xml; path = Info.plist; sourceTree = "<group>"; };
		29A41A3E1D05C10500BAC49C /* MyTableViewCell.swift */ = {isa = PBXFileReference; fileEncoding = 4; lastKnownFileType = sourcecode.swift; path = MyTableViewCell.swift; sourceTree = "<group>"; };
		29A41A3F1D05C10500BAC49C /* MyTableViewCell.xib */ = {isa = PBXFileReference; fileEncoding = 4; lastKnownFileType = file.xib; path = MyTableViewCell.xib; sourceTree = "<group>"; };
		29A41A421D068BDD00BAC49C /* IMG.swift */ = {isa = PBXFileReference; fileEncoding = 4; lastKnownFileType = sourcecode.swift; path = IMG.swift; sourceTree = "<group>"; };
		29A41A441D06C63800BAC49C /* MyTableViewController.swift */ = {isa = PBXFileReference; fileEncoding = 4; lastKnownFileType = sourcecode.swift; path = MyTableViewController.swift; sourceTree = "<group>"; };
/* End PBXFileReference section */

/* Begin PBXFrameworksBuildPhase section */
		29A41A261D05C0A000BAC49C /* Frameworks */ = {
			isa = PBXFrameworksBuildPhase;
			buildActionMask = 2147483647;
			files = (
			);
			runOnlyForDeploymentPostprocessing = 0;
		};
/* End PBXFrameworksBuildPhase section */

/* Begin PBXGroup section */
		29A41A201D05C0A000BAC49C = {
			isa = PBXGroup;
			children = (
				29A41A2B1D05C0A000BAC49C /* PracticeCell */,
				29A41A2A1D05C0A000BAC49C /* Products */,
			);
			sourceTree = "<group>";
		};
		29A41A2A1D05C0A000BAC49C /* Products */ = {
			isa = PBXGroup;
			children = (
				29A41A291D05C0A000BAC49C /* PracticeCell.app */,
			);
			name = Products;
			sourceTree = "<group>";
		};
		29A41A2B1D05C0A000BAC49C /* PracticeCell */ = {
			isa = PBXGroup;
			children = (
				29A41A2C1D05C0A000BAC49C /* AppDelegate.swift */,
				29A41A2E1D05C0A000BAC49C /* ViewController.swift */,
				29A41A301D05C0A000BAC49C /* Main.storyboard */,
				29A41A441D06C63800BAC49C /* MyTableViewController.swift */,
				29A41A3F1D05C10500BAC49C /* MyTableViewCell.xib */,
				29A41A421D068BDD00BAC49C /* IMG.swift */,
				29A41A3E1D05C10500BAC49C /* MyTableViewCell.swift */,
				29A41A331D05C0A000BAC49C /* Assets.xcassets */,
				29A41A351D05C0A000BAC49C /* LaunchScreen.storyboard */,
				29A41A381D05C0A000BAC49C /* Info.plist */,
			);
			path = PracticeCell;
			sourceTree = "<group>";
		};
/* End PBXGroup section */

/* Begin PBXNativeTarget section */
		29A41A281D05C0A000BAC49C /* PracticeCell */ = {
			isa = PBXNativeTarget;
			buildConfigurationList = 29A41A3B1D05C0A000BAC49C /* Build configuration list for PBXNativeTarget "PracticeCell" */;
			buildPhases = (
				29A41A251D05C0A000BAC49C /* Sources */,
				29A41A261D05C0A000BAC49C /* Frameworks */,
				29A41A271D05C0A000BAC49C /* Resources */,
			);
			buildRules = (
			);
			dependencies = (
			);
			name = PracticeCell;
			productName = PracticeCell;
			productReference = 29A41A291D05C0A000BAC49C /* PracticeCell.app */;
			productType = "com.apple.product-type.application";
		};
/* End PBXNativeTarget section */

/* Begin PBXProject section */
		29A41A211D05C0A000BAC49C /* Project object */ = {
			isa = PBXProject;
			attributes = {
				LastSwiftUpdateCheck = 0730;
				LastUpgradeCheck = 0730;
				ORGANIZATIONNAME = Kurt;
				TargetAttributes = {
					29A41A281D05C0A000BAC49C = {
						CreatedOnToolsVersion = 7.3.1;
					};
				};
			};
			buildConfigurationList = 29A41A241D05C0A000BAC49C /* Build configuration list for PBXProject "PracticeCell" */;
			compatibilityVersion = "Xcode 3.2";
			developmentRegion = English;
			hasScannedForEncodings = 0;
			knownRegions = (
				en,
				Base,
			);
			mainGroup = 29A41A201D05C0A000BAC49C;
			productRefGroup = 29A41A2A1D05C0A000BAC49C /* Products */;
			projectDirPath = "";
			projectRoot = "";
			targets = (
				29A41A281D05C0A000BAC49C /* PracticeCell */,
			);
		};
/* End PBXProject section */

/* Begin PBXResourcesBuildPhase section */
		29A41A271D05C0A000BAC49C /* Resources */ = {
			isa = PBXResourcesBuildPhase;
			buildActionMask = 2147483647;
			files = (
				29A41A371D05C0A000BAC49C /* LaunchScreen.storyboard in Resources */,
				29A41A411D05C10500BAC49C /* MyTableViewCell.xib in Resources */,
				29A41A341D05C0A000BAC49C /* Assets.xcassets in Resources */,
				29A41A321D05C0A000BAC49C /* Main.storyboard in Resources */,
			);
			runOnlyForDeploymentPostprocessing = 0;
		};
/* End PBXResourcesBuildPhase section */

/* Begin PBXSourcesBuildPhase section */
		29A41A251D05C0A000BAC49C /* Sources */ = {
			isa = PBXSourcesBuildPhase;
			buildActionMask = 2147483647;
			files = (
				29A41A2F1D05C0A000BAC49C /* ViewController.swift in Sources */,
				29A41A431D068BDD00BAC49C /* IMG.swift in Sources */,
				29A41A2D1D05C0A000BAC49C /* AppDelegate.swift in Sources */,
				29A41A451D06C63800BAC49C /* MyTableViewController.swift in Sources */,
				29A41A401D05C10500BAC49C /* MyTableViewCell.swift in Sources */,
			);
			runOnlyForDeploymentPostprocessing = 0;
		};
/* End PBXSourcesBuildPhase section */

/* Begin PBXVariantGroup section */
		29A41A301D05C0A000BAC49C /* Main.storyboard */ = {
			isa = PBXVariantGroup;
			children = (
				29A41A311D05C0A000BAC49C /* Base */,
			);
			name = Main.storyboard;
			sourceTree = "<group>";
		};
		29A41A351D05C0A000BAC49C /* LaunchScreen.storyboard */ = {
			isa = PBXVariantGroup;
			children = (
				29A41A361D05C0A000BAC49C /* Base */,
			);
			name = LaunchScreen.storyboard;
			sourceTree = "<group>";
		};
/* End PBXVariantGroup section */

/* Begin XCBuildConfiguration section */
		29A41A391D05C0A000BAC49C /* Debug */ = {
			isa = XCBuildConfiguration;
			buildSettings = {
				ALWAYS_SEARCH_USER_PATHS = NO;
				CLANG_ANALYZER_NONNULL = YES;
				CLANG_CXX_LANGUAGE_STANDARD = "gnu++0x";
				CLANG_CXX_LIBRARY = "libc++";
				CLANG_ENABLE_MODULES = YES;
				CLANG_ENABLE_OBJC_ARC = YES;
				CLANG_WARN_BOOL_CONVERSION = YES;
				CLANG_WARN_CONSTANT_CONVERSION = YES;
				CLANG_WARN_DIRECT_OBJC_ISA_USAGE = YES_ERROR;
				CLANG_WARN_EMPTY_BODY = YES;
				CLANG_WARN_ENUM_CONVERSION = YES;
				CLANG_WARN_INT_CONVERSION = YES;
				CLANG_WARN_OBJC_ROOT_CLASS = YES_ERROR;
				CLANG_WARN_UNREACHABLE_CODE = YES;
				CLANG_WARN__DUPLICATE_METHOD_MATCH = YES;
				"CODE_SIGN_IDENTITY[sdk=iphoneos*]" = "iPhone Developer";
				COPY_PHASE_STRIP = NO;
				DEBUG_INFORMATION_FORMAT = dwarf;
				ENABLE_STRICT_OBJC_MSGSEND = YES;
				ENABLE_TESTABILITY = YES;
				GCC_C_LANGUAGE_STANDARD = gnu99;
				GCC_DYNAMIC_NO_PIC = NO;
				GCC_NO_COMMON_BLOCKS = YES;
				GCC_OPTIMIZATION_LEVEL = 0;
				GCC_PREPROCESSOR_DEFINITIONS = (
					"DEBUG=1",
					"$(inherited)",
				);
				GCC_WARN_64_TO_32_BIT_CONVERSION = YES;
				GCC_WARN_ABOUT_RETURN_TYPE = YES_ERROR;
				GCC_WARN_UNDECLARED_SELECTOR = YES;
				GCC_WARN_UNINITIALIZED_AUTOS = YES_AGGRESSIVE;
				GCC_WARN_UNUSED_FUNCTION = YES;
				GCC_WARN_UNUSED_VARIABLE = YES;
				IPHONEOS_DEPLOYMENT_TARGET = 9.3;
				MTL_ENABLE_DEBUG_INFO = YES;
				ONLY_ACTIVE_ARCH = YES;
				SDKROOT = iphoneos;
				SWIFT_OPTIMIZATION_LEVEL = "-Onone";
			};
			name = Debug;
		};
		29A41A3A1D05C0A000BAC49C /* Release */ = {
			isa = XCBuildConfiguration;
			buildSettings = {
				ALWAYS_SEARCH_USER_PATHS = NO;
				CLANG_ANALYZER_NONNULL = YES;
				CLANG_CXX_LANGUAGE_STANDARD = "gnu++0x";
				CLANG_CXX_LIBRARY = "libc++";
				CLANG_ENABLE_MODULES = YES;
				CLANG_ENABLE_OBJC_ARC = YES;
				CLANG_WARN_BOOL_CONVERSION = YES;
				CLANG_WARN_CONSTANT_CONVERSION = YES;
				CLANG_WARN_DIRECT_OBJC_ISA_USAGE = YES_ERROR;
				CLANG_WARN_EMPTY_BODY = YES;
				CLANG_WARN_ENUM_CONVERSION = YES;
				CLANG_WARN_INT_CONVERSION = YES;
				CLANG_WARN_OBJC_ROOT_CLASS = YES_ERROR;
				CLANG_WARN_UNREACHABLE_CODE = YES;
				CLANG_WARN__DUPLICATE_METHOD_MATCH = YES;
				"CODE_SIGN_IDENTITY[sdk=iphoneos*]" = "iPhone Developer";
				COPY_PHASE_STRIP = NO;
				DEBUG_INFORMATION_FORMAT = "dwarf-with-dsym";
				ENABLE_NS_ASSERTIONS = NO;
				ENABLE_STRICT_OBJC_MSGSEND = YES;
				GCC_C_LANGUAGE_STANDARD = gnu99;
				GCC_NO_COMMON_BLOCKS = YES;
				GCC_WARN_64_TO_32_BIT_CONVERSION = YES;
				GCC_WARN_ABOUT_RETURN_TYPE = YES_ERROR;
				GCC_WARN_UNDECLARED_SELECTOR = YES;
				GCC_WARN_UNINITIALIZED_AUTOS = YES_AGGRESSIVE;
				GCC_WARN_UNUSED_FUNCTION = YES;
				GCC_WARN_UNUSED_VARIABLE = YES;
				IPHONEOS_DEPLOYMENT_TARGET = 9.3;
				MTL_ENABLE_DEBUG_INFO = NO;
				SDKROOT = iphoneos;
				VALIDATE_PRODUCT = YES;
			};
			name = Release;
		};
		29A41A3C1D05C0A000BAC49C /* Debug */ = {
			isa = XCBuildConfiguration;
			buildSettings = {
				ASSETCATALOG_COMPILER_APPICON_NAME = AppIcon;
				INFOPLIST_FILE = PracticeCell/Info.plist;
				LD_RUNPATH_SEARCH_PATHS = "$(inherited) @executable_path/Frameworks";
				PRODUCT_BUNDLE_IDENTIFIER = edu.self.PracticeCell;
				PRODUCT_NAME = "$(TARGET_NAME)";
			};
			name = Debug;
		};
		29A41A3D1D05C0A000BAC49C /* Release */ = {
			isa = XCBuildConfiguration;
			buildSettings = {
				ASSETCATALOG_COMPILER_APPICON_NAME = AppIcon;
				INFOPLIST_FILE = PracticeCell/Info.plist;
				LD_RUNPATH_SEARCH_PATHS = "$(inherited) @executable_path/Frameworks";
				PRODUCT_BUNDLE_IDENTIFIER = edu.self.PracticeCell;
				PRODUCT_NAME = "$(TARGET_NAME)";
			};
			name = Release;
		};
/* End XCBuildConfiguration section */

/* Begin XCConfigurationList section */
		29A41A241D05C0A000BAC49C /* Build configuration list for PBXProject "PracticeCell" */ = {
			isa = XCConfigurationList;
			buildConfigurations = (
				29A41A391D05C0A000BAC49C /* Debug */,
				29A41A3A1D05C0A000BAC49C /* Release */,
			);
			defaultConfigurationIsVisible = 0;
			defaultConfigurationName = Release;
		};
		29A41A3B1D05C0A000BAC49C /* Build configuration list for PBXNativeTarget "PracticeCell" */ = {
			isa = XCConfigurationList;
			buildConfigurations = (
				29A41A3C1D05C0A000BAC49C /* Debug */,
				29A41A3D1D05C0A000BAC49C /* Release */,
			);
			defaultConfigurationIsVisible = 0;
		};
/* End XCConfigurationList section */
	};
	rootObject = 29A41A211D05C0A000BAC49C /* Project object */;
}
